// !$*UTF8*$!
{
	archiveVersion = 1;
	classes = {
	};
	objectVersion = 46;
	objects = {

/* Begin PBXBuildFile section */
		CC25FE5A1DC07707004E1D58 /* AppDelegate.swift in Sources */ = {isa = PBXBuildFile; fileRef = CC25FE591DC07707004E1D58 /* AppDelegate.swift */; };
		CC25FE5C1DC07707004E1D58 /* ViewController.swift in Sources */ = {isa = PBXBuildFile; fileRef = CC25FE5B1DC07707004E1D58 /* ViewController.swift */; };
		CC25FE5F1DC07707004E1D58 /* Main.storyboard in Resources */ = {isa = PBXBuildFile; fileRef = CC25FE5D1DC07707004E1D58 /* Main.storyboard */; };
		CC25FE611DC07707004E1D58 /* Assets.xcassets in Resources */ = {isa = PBXBuildFile; fileRef = CC25FE601DC07707004E1D58 /* Assets.xcassets */; };
		CC25FE641DC07707004E1D58 /* LaunchScreen.storyboard in Resources */ = {isa = PBXBuildFile; fileRef = CC25FE621DC07707004E1D58 /* LaunchScreen.storyboard */; };
		CC25FE6D1DC07755004E1D58 /* Quotes.xcdatamodeld in Sources */ = {isa = PBXBuildFile; fileRef = CC25FE6B1DC07755004E1D58 /* Quotes.xcdatamodeld */; };
		CC25FE711DC07C21004E1D58 /* QuoteTableViewCell.swift in Sources */ = {isa = PBXBuildFile; fileRef = CC25FE701DC07C21004E1D58 /* QuoteTableViewCell.swift */; };
		CCFFB2851DC1A7410011EC41 /* AddQuoteViewController.swift in Sources */ = {isa = PBXBuildFile; fileRef = CCFFB2841DC1A7410011EC41 /* AddQuoteViewController.swift */; };
/* End PBXBuildFile section */

/* Begin PBXFileReference section */
		CC25FE561DC07707004E1D58 /* Quotes.app */ = {isa = PBXFileReference; explicitFileType = wrapper.application; includeInIndex = 0; path = Quotes.app; sourceTree = BUILT_PRODUCTS_DIR; };
		CC25FE591DC07707004E1D58 /* AppDelegate.swift */ = {isa = PBXFileReference; lastKnownFileType = sourcecode.swift; path = AppDelegate.swift; sourceTree = "<group>"; };
		CC25FE5B1DC07707004E1D58 /* ViewController.swift */ = {isa = PBXFileReference; lastKnownFileType = sourcecode.swift; path = ViewController.swift; sourceTree = "<group>"; };
		CC25FE5E1DC07707004E1D58 /* Base */ = {isa = PBXFileReference; lastKnownFileType = file.storyboard; name = Base; path = Base.lproj/Main.storyboard; sourceTree = "<group>"; };
		CC25FE601DC07707004E1D58 /* Assets.xcassets */ = {isa = PBXFileReference; lastKnownFileType = folder.assetcatalog; path = Assets.xcassets; sourceTree = "<group>"; };
		CC25FE631DC07707004E1D58 /* Base */ = {isa = PBXFileReference; lastKnownFileType = file.storyboard; name = Base; path = Base.lproj/LaunchScreen.storyboard; sourceTree = "<group>"; };
		CC25FE651DC07707004E1D58 /* Info.plist */ = {isa = PBXFileReference; lastKnownFileType = text.plist.xml; path = Info.plist; sourceTree = "<group>"; };
		CC25FE6C1DC07755004E1D58 /* Quotes.xcdatamodel */ = {isa = PBXFileReference; lastKnownFileType = wrapper.xcdatamodel; path = Quotes.xcdatamodel; sourceTree = "<group>"; };
		CC25FE701DC07C21004E1D58 /* QuoteTableViewCell.swift */ = {isa = PBXFileReference; fileEncoding = 4; lastKnownFileType = sourcecode.swift; path = QuoteTableViewCell.swift; sourceTree = "<group>"; };
		CCFFB2841DC1A7410011EC41 /* AddQuoteViewController.swift */ = {isa = PBXFileReference; fileEncoding = 4; lastKnownFileType = sourcecode.swift; path = AddQuoteViewController.swift; sourceTree = "<group>"; };
/* End PBXFileReference section */

/* Begin PBXFrameworksBuildPhase section */
		CC25FE531DC07707004E1D58 /* Frameworks */ = {
			isa = PBXFrameworksBuildPhase;
			buildActionMask = 2147483647;
			files = (
			);
			runOnlyForDeploymentPostprocessing = 0;
		};
/* End PBXFrameworksBuildPhase section */

/* Begin PBXGroup section */
		CC25FE4D1DC07707004E1D58 = {
			isa = PBXGroup;
			children = (
				CC25FE581DC07707004E1D58 /* Quotes */,
				CC25FE571DC07707004E1D58 /* Products */,
			);
			sourceTree = "<group>";
		};
		CC25FE571DC07707004E1D58 /* Products */ = {
			isa = PBXGroup;
			children = (
				CC25FE561DC07707004E1D58 /* Quotes.app */,
			);
			name = Products;
			sourceTree = "<group>";
		};
		CC25FE581DC07707004E1D58 /* Quotes */ = {
			isa = PBXGroup;
			children = (
				CC25FE591DC07707004E1D58 /* AppDelegate.swift */,
				CC25FE5B1DC07707004E1D58 /* ViewController.swift */,
				CCFFB2841DC1A7410011EC41 /* AddQuoteViewController.swift */,
				CC25FE701DC07C21004E1D58 /* QuoteTableViewCell.swift */,
				CC25FE6B1DC07755004E1D58 /* Quotes.xcdatamodeld */,
				CC25FE5D1DC07707004E1D58 /* Main.storyboard */,
				CC25FE601DC07707004E1D58 /* Assets.xcassets */,
				CC25FE621DC07707004E1D58 /* LaunchScreen.storyboard */,
				CC25FE651DC07707004E1D58 /* Info.plist */,
			);
			path = Quotes;
			sourceTree = "<group>";
		};
/* End PBXGroup section */

/* Begin PBXNativeTarget section */
		CC25FE551DC07707004E1D58 /* Quotes */ = {
			isa = PBXNativeTarget;
			buildConfigurationList = CC25FE681DC07707004E1D58 /* Build configuration list for PBXNativeTarget "Quotes" */;
			buildPhases = (
				CC25FE521DC07707004E1D58 /* Sources */,
				CC25FE531DC07707004E1D58 /* Frameworks */,
				CC25FE541DC07707004E1D58 /* Resources */,
			);
			buildRules = (
			);
			dependencies = (
			);
			name = Quotes;
			productName = Quotes;
			productReference = CC25FE561DC07707004E1D58 /* Quotes.app */;
			productType = "com.apple.product-type.application";
		};
/* End PBXNativeTarget section */

/* Begin PBXProject section */
		CC25FE4E1DC07707004E1D58 /* Project object */ = {
			isa = PBXProject;
			attributes = {
				LastSwiftUpdateCheck = 0810;
				LastUpgradeCheck = 0810;
				ORGANIZATIONNAME = Cocoacasts;
				TargetAttributes = {
					CC25FE551DC07707004E1D58 = {
						CreatedOnToolsVersion = 8.1;
						DevelopmentTeam = 2493UGBPKJ;
						ProvisioningStyle = Automatic;
					};
				};
			};
			buildConfigurationList = CC25FE511DC07707004E1D58 /* Build configuration list for PBXProject "Quotes" */;
			compatibilityVersion = "Xcode 3.2";
			developmentRegion = English;
			hasScannedForEncodings = 0;
			knownRegions = (
				en,
				Base,
			);
			mainGroup = CC25FE4D1DC07707004E1D58;
			productRefGroup = CC25FE571DC07707004E1D58 /* Products */;
			projectDirPath = "";
			projectRoot = "";
			targets = (
				CC25FE551DC07707004E1D58 /* Quotes */,
			);
		};
/* End PBXProject section */

/* Begin PBXResourcesBuildPhase section */
		CC25FE541DC07707004E1D58 /* Resources */ = {
			isa = PBXResourcesBuildPhase;
			buildActionMask = 2147483647;
			files = (
				CC25FE641DC07707004E1D58 /* LaunchScreen.storyboard in Resources */,
				CC25FE611DC07707004E1D58 /* Assets.xcassets in Resources */,
				CC25FE5F1DC07707004E1D58 /* Main.storyboard in Resources */,
			);
			runOnlyForDeploymentPostprocessing = 0;
		};
/* End PBXResourcesBuildPhase section */

/* Begin PBXSourcesBuildPhase section */
		CC25FE521DC07707004E1D58 /* Sources */ = {
			isa = PBXSourcesBuildPhase;
			buildActionMask = 2147483647;
			files = (
				CC25FE711DC07C21004E1D58 /* QuoteTableViewCell.swift in Sources */,
				CC25FE5C1DC07707004E1D58 /* ViewController.swift in Sources */,
				CC25FE6D1DC07755004E1D58 /* Quotes.xcdatamodeld in Sources */,
				CC25FE5A1DC07707004E1D58 /* AppDelegate.swift in Sources */,
				CCFFB2851DC1A7410011EC41 /* AddQuoteViewController.swift in Sources */,
			);
			runOnlyForDeploymentPostprocessing = 0;
		};
/* End PBXSourcesBuildPhase section */

/* Begin PBXVariantGroup section */
		CC25FE5D1DC07707004E1D58 /* Main.storyboard */ = {
			isa = PBXVariantGroup;
			children = (
				CC25FE5E1DC07707004E1D58 /* Base */,
			);
			name = Main.storyboard;
			sourceTree = "<group>";
		};
		CC25FE621DC07707004E1D58 /* LaunchScreen.storyboard */ = {
			isa = PBXVariantGroup;
			children = (
				CC25FE631DC07707004E1D58 /* Base */,
			);
			name = LaunchScreen.storyboard;
			sourceTree = "<group>";
		};
/* End PBXVariantGroup section */

/* Begin XCBuildConfiguration section */
		CC25FE661DC07707004E1D58 /* Debug */ = {
			isa = XCBuildConfiguration;
			buildSettings = {
				ALWAYS_SEARCH_USER_PATHS = NO;
				CLANG_ANALYZER_NONNULL = YES;
				CLANG_CXX_LANGUAGE_STANDARD = "gnu++0x";
				CLANG_CXX_LIBRARY = "libc++";
				CLANG_ENABLE_MODULES = YES;
				CLANG_ENABLE_OBJC_ARC = YES;
				CLANG_WARN_BOOL_CONVERSION = YES;
				CLANG_WARN_CONSTANT_CONVERSION = YES;
				CLANG_WARN_DIRECT_OBJC_ISA_USAGE = YES_ERROR;
				CLANG_WARN_DOCUMENTATION_COMMENTS = YES;
				CLANG_WARN_EMPTY_BODY = YES;
				CLANG_WARN_ENUM_CONVERSION = YES;
				CLANG_WARN_INFINITE_RECURSION = YES;
				CLANG_WARN_INT_CONVERSION = YES;
				CLANG_WARN_OBJC_ROOT_CLASS = YES_ERROR;
				CLANG_WARN_SUSPICIOUS_MOVES = YES;
				CLANG_WARN_UNREACHABLE_CODE = YES;
				CLANG_WARN__DUPLICATE_METHOD_MATCH = YES;
				"CODE_SIGN_IDENTITY[sdk=iphoneos*]" = "iPhone Developer";
				COPY_PHASE_STRIP = NO;
				DEBUG_INFORMATION_FORMAT = dwarf;
				ENABLE_STRICT_OBJC_MSGSEND = YES;
				ENABLE_TESTABILITY = YES;
				GCC_C_LANGUAGE_STANDARD = gnu99;
				GCC_DYNAMIC_NO_PIC = NO;
				GCC_NO_COMMON_BLOCKS = YES;
				GCC_OPTIMIZATION_LEVEL = 0;
				GCC_PREPROCESSOR_DEFINITIONS = (
					"DEBUG=1",
					"$(inherited)",
				);
				GCC_WARN_64_TO_32_BIT_CONVERSION = YES;
				GCC_WARN_ABOUT_RETURN_TYPE = YES_ERROR;
				GCC_WARN_UNDECLARED_SELECTOR = YES;
				GCC_WARN_UNINITIALIZED_AUTOS = YES_AGGRESSIVE;
				GCC_WARN_UNUSED_FUNCTION = YES;
				GCC_WARN_UNUSED_VARIABLE = YES;
				IPHONEOS_DEPLOYMENT_TARGET = 10.1;
				MTL_ENABLE_DEBUG_INFO = YES;
				ONLY_ACTIVE_ARCH = YES;
				SDKROOT = iphoneos;
				SWIFT_ACTIVE_COMPILATION_CONDITIONS = DEBUG;
				SWIFT_OPTIMIZATION_LEVEL = "-Onone";
			};
			name = Debug;
		};
		CC25FE671DC07707004E1D58 /* Release */ = {
			isa = XCBuildConfiguration;
			buildSettings = {
				ALWAYS_SEARCH_USER_PATHS = NO;
				CLANG_ANALYZER_NONNULL = YES;
				CLANG_CXX_LANGUAGE_STANDARD = "gnu++0x";
				CLANG_CXX_LIBRARY = "libc++";
				CLANG_ENABLE_MODULES = YES;
				CLANG_ENABLE_OBJC_ARC = YES;
				CLANG_WARN_BOOL_CONVERSION = YES;
				CLANG_WARN_CONSTANT_CONVERSION = YES;
				CLANG_WARN_DIRECT_OBJC_ISA_USAGE = YES_ERROR;
				CLANG_WARN_DOCUMENTATION_COMMENTS = YES;
				CLANG_WARN_EMPTY_BODY = YES;
				CLANG_WARN_ENUM_CONVERSION = YES;
				CLANG_WARN_INFINITE_RECURSION = YES;
				CLANG_WARN_INT_CONVERSION = YES;
				CLANG_WARN_OBJC_ROOT_CLASS = YES_ERROR;
				CLANG_WARN_SUSPICIOUS_MOVES = YES;
				CLANG_WARN_UNREACHABLE_CODE = YES;
				CLANG_WARN__DUPLICATE_METHOD_MATCH = YES;
				"CODE_SIGN_IDENTITY[sdk=iphoneos*]" = "iPhone Developer";
				COPY_PHASE_STRIP = NO;
				DEBUG_INFORMATION_FORMAT = "dwarf-with-dsym";
				ENABLE_NS_ASSERTIONS = NO;
				ENABLE_STRICT_OBJC_MSGSEND = YES;
				GCC_C_LANGUAGE_STANDARD = gnu99;
				GCC_NO_COMMON_BLOCKS = YES;
				GCC_WARN_64_TO_32_BIT_CONVERSION = YES;
				GCC_WARN_ABOUT_RETURN_TYPE = YES_ERROR;
				GCC_WARN_UNDECLARED_SELECTOR = YES;
				GCC_WARN_UNINITIALIZED_AUTOS = YES_AGGRESSIVE;
				GCC_WARN_UNUSED_FUNCTION = YES;
				GCC_WARN_UNUSED_VARIABLE = YES;
				IPHONEOS_DEPLOYMENT_TARGET = 10.1;
				MTL_ENABLE_DEBUG_INFO = NO;
				SDKROOT = iphoneos;
				SWIFT_OPTIMIZATION_LEVEL = "-Owholemodule";
				VALIDATE_PRODUCT = YES;
			};
			name = Release;
		};
		CC25FE691DC07707004E1D58 /* Debug */ = {
			isa = XCBuildConfiguration;
			buildSettings = {
				ASSETCATALOG_COMPILER_APPICON_NAME = AppIcon;
				DEVELOPMENT_TEAM = 2493UGBPKJ;
				INFOPLIST_FILE = Quotes/Info.plist;
				LD_RUNPATH_SEARCH_PATHS = "$(inherited) @executable_path/Frameworks";
				PRODUCT_BUNDLE_IDENTIFIER = com.cocoacasts.Quotes;
				PRODUCT_NAME = "$(TARGET_NAME)";
				SWIFT_VERSION = 3.0;
			};
			name = Debug;
		};
		CC25FE6A1DC07707004E1D58 /* Release */ = {
			isa = XCBuildConfiguration;
			buildSettings = {
				ASSETCATALOG_COMPILER_APPICON_NAME = AppIcon;
				DEVELOPMENT_TEAM = 2493UGBPKJ;
				INFOPLIST_FILE = Quotes/Info.plist;
				LD_RUNPATH_SEARCH_PATHS = "$(inherited) @executable_path/Frameworks";
				PRODUCT_BUNDLE_IDENTIFIER = com.cocoacasts.Quotes;
				PRODUCT_NAME = "$(TARGET_NAME)";
				SWIFT_VERSION = 3.0;
			};
			name = Release;
		};
/* End XCBuildConfiguration section */

/* Begin XCConfigurationList section */
		CC25FE511DC07707004E1D58 /* Build configuration list for PBXProject "Quotes" */ = {
			isa = XCConfigurationList;
			buildConfigurations = (
				CC25FE661DC07707004E1D58 /* Debug */,
				CC25FE671DC07707004E1D58 /* Release */,
			);
			defaultConfigurationIsVisible = 0;
			defaultConfigurationName = Release;
		};
		CC25FE681DC07707004E1D58 /* Build configuration list for PBXNativeTarget "Quotes" */ = {
			isa = XCConfigurationList;
			buildConfigurations = (
				CC25FE691DC07707004E1D58 /* Debug */,
				CC25FE6A1DC07707004E1D58 /* Release */,
			);
			defaultConfigurationIsVisible = 0;
			defaultConfigurationName = Release;
		};
/* End XCConfigurationList section */

/* Begin XCVersionGroup section */
		CC25FE6B1DC07755004E1D58 /* Quotes.xcdatamodeld */ = {
			isa = XCVersionGroup;
			children = (
				CC25FE6C1DC07755004E1D58 /* Quotes.xcdatamodel */,
			);
			currentVersion = CC25FE6C1DC07755004E1D58 /* Quotes.xcdatamodel */;
			path = Quotes.xcdatamodeld;
			sourceTree = "<group>";
			versionGroupType = wrapper.xcdatamodel;
		};
/* End XCVersionGroup section */
	};
	rootObject = CC25FE4E1DC07707004E1D58 /* Project object */;
}
